# This file was autogenerated by Stack.
# You should not edit this file by hand.
# For more information, please see the documentation at:
#   https://docs.haskellstack.org/en/stable/lock_files

packages:
- completed:
    commit: 8210dc3f90c70af59d321a225eb451a063607bb0
    git: git@github.com:conal/concat.git
    name: concat-inline
    pantry-tree:
      sha256: 54fc1efd925d33e67eddaf121419ebd59f15b775c84d8e381a58832f17680fda
      size: 319
    subdir: inline
    version: 0.1.0.0
  original:
    commit: 8210dc3f90c70af59d321a225eb451a063607bb0
    git: git@github.com:conal/concat.git
    subdir: inline
- completed:
    commit: 8210dc3f90c70af59d321a225eb451a063607bb0
    git: git@github.com:conal/concat.git
    name: concat-plugin
    pantry-tree:
      sha256: 7757e38d7435a87d11139f03f06d0459bca94f5df43a6231526313a5da388692
      size: 6666
    subdir: plugin
    version: 0.3.0.0
  original:
    commit: 8210dc3f90c70af59d321a225eb451a063607bb0
    git: git@github.com:conal/concat.git
    subdir: plugin
- completed:
    commit: 8210dc3f90c70af59d321a225eb451a063607bb0
    git: git@github.com:conal/concat.git
    name: concat-classes
    pantry-tree:
      sha256: d875b1b3151d78d6fc2cfe95e33c84a726d886ba8494446c23ff2358e576f528
      size: 1185
    subdir: classes
    version: 0.3.0.0
  original:
    commit: 8210dc3f90c70af59d321a225eb451a063607bb0
    git: git@github.com:conal/concat.git
    subdir: classes
- completed:
    commit: 8210dc3f90c70af59d321a225eb451a063607bb0
    git: git@github.com:conal/concat.git
    name: concat-satisfy
    pantry-tree:
      sha256: b53501934148cf0fdba4a1b08de44e5113a65385412b9c7a7077c32d89c529f0
      size: 374
    subdir: satisfy
    version: 0.1.0.0
  original:
    commit: 8210dc3f90c70af59d321a225eb451a063607bb0
    git: git@github.com:conal/concat.git
    subdir: satisfy
- completed:
    commit: 8210dc3f90c70af59d321a225eb451a063607bb0
    git: git@github.com:conal/concat.git
    name: concat-known
    pantry-tree:
      sha256: 32bfd2141c47e73bb9f7caea8866a62490913cea7c48eced10dc77f547cec134
      size: 168
    subdir: known
    version: 0.1.0.0
  original:
    commit: 8210dc3f90c70af59d321a225eb451a063607bb0
    git: git@github.com:conal/concat.git
    subdir: known
- completed:
    commit: 8210dc3f90c70af59d321a225eb451a063607bb0
    git: git@github.com:conal/concat.git
    name: concat-hardware
    pantry-tree:
      sha256: a638206be5f573f7d82af885831d89a52ed324d3f63223ae5e529e585e004c43
      size: 500
    subdir: hardware
    version: 0.1.0.0
  original:
    commit: 8210dc3f90c70af59d321a225eb451a063607bb0
    git: git@github.com:conal/concat.git
    subdir: hardware
- completed:
    commit: 8210dc3f90c70af59d321a225eb451a063607bb0
    git: git@github.com:conal/concat.git
    name: concat-graphics
    pantry-tree:
      sha256: 926213faef4933b190d0c911bf73ad4bf1959847a405dbcb8fdb1dfddf903a27
      size: 641
    subdir: graphics
    version: 0.1.0.0
  original:
    commit: 8210dc3f90c70af59d321a225eb451a063607bb0
    git: git@github.com:conal/concat.git
    subdir: graphics
- completed:
    commit: 8210dc3f90c70af59d321a225eb451a063607bb0
    git: git@github.com:conal/concat.git
    name: concat-examples
    pantry-tree:
      sha256: 7f121470fd7530da5688d13b9d20093bd4adb07fadbb1ffeec4adb369aa5ee69
      size: 3678
    subdir: examples
    version: 0.3.0.0
  original:
    commit: 8210dc3f90c70af59d321a225eb451a063607bb0
    git: git@github.com:conal/concat.git
    subdir: examples
- completed:
    commit: 4f629b8cb36bd03b480edc08b77c9a0187ce2206
    git: git@github.com:composewell/streamly.git
    name: streamly
    pantry-tree:
      sha256: 7d7920737f64688311cbe2e2e368a4ad231bae6e66bcaca8a1a30a2d49b8214a
      size: 22320
    subdir: .
    version: 0.8.0
  original:
    commit: 4f629b8cb36bd03b480edc08b77c9a0187ce2206
    git: git@github.com:composewell/streamly.git
    subdir: .
- completed:
    hackage: fusion-plugin-0.2.5@sha256:e4196836053741ddbbc4749cc1b6f5df8ea1821678c3d041e20eef93826e7399,2608
    pantry-tree:
      sha256: 4b953fe2bb175201e82773e2ef3dd3e346ac346db401b916511f500bfe1dadd5
      size: 555
  original:
    hackage: fusion-plugin-0.2.5
- completed:
    hackage: fusion-plugin-types-0.1.0@sha256:0f11bbc445ab8ae3dbbb3d5d2ea198bdb1ac020518b7f4f7579035dc89182438,1506
    pantry-tree:
      sha256: c349aa6c4e10a57c65ae83eb1082948642b66a97bf0c0b73e57e4d88da89f3cd
      size: 378
  original:
    hackage: fusion-plugin-types-0.1.0
- completed:
    hackage: perfect-vector-shuffle-0.1.1.1@sha256:e05f719d3eb7eb680d6b94af59a3771e4ea6f9aa4e3cfb30e3048c2ac9520ee3,4023
    pantry-tree:
      sha256: 1244ba6644ae3097b6c0091497075763c708f9940e38cb5da49d6e46ed00392c
      size: 422
  original:
    hackage: perfect-vector-shuffle-0.1.1.1@sha256:e05f719d3eb7eb680d6b94af59a3771e4ea6f9aa4e3cfb30e3048c2ac9520ee3,4023
- completed:
    hackage: monad-bayes-1.1.0@sha256:8929887b2883e553b928dcc9b1326171c87b6aa26f11800dc8c55b119a9e9649,6123
    pantry-tree:
      sha256: bf7f9b1351226a957c7ebd0c42316505be713690cd9d44425bd9cfd494a94161
      size: 3568
  original:
    hackage: monad-bayes-1.1.0
- completed:
    hackage: brick-1.5@sha256:e9f1785065a92bc99cd89c4076ee740b80bb4254f6b25346dff82e0172e63644,17826
    pantry-tree:
      sha256: b71aee2013c83fbbb3ca22efaa2b955c54806393f3288310fb994ceb10fba46f
      size: 6687
  original:
    hackage: brick-1.5@sha256:e9f1785065a92bc99cd89c4076ee740b80bb4254f6b25346dff82e0172e63644,17826
- completed:
    hackage: histogram-fill-0.9.1.0@sha256:e6233fe467a5a68a2f913e8b31a78e2db81de5c1a8f282be77757ccc040305a8,1928
    pantry-tree:
      sha256: 71a7bd07d692ebde910437b79e979021992eb87f86af0ad5abc70a151749b5cc
      size: 1410
  original:
    hackage: histogram-fill-0.9.1.0@sha256:e6233fe467a5a68a2f913e8b31a78e2db81de5c1a8f282be77757ccc040305a8,1928
- completed:
    hackage: random-1.2.1@sha256:8bee24dc0c985a90ee78d94c61f8aed21c49633686f0f1c14c5078d818ee43a2,6598
    pantry-tree:
      sha256: 8bdc994ce41f43624ab42302a881fe5a0f81d965f5d238841e24943664681a06
      size: 1528
  original:
    hackage: random-1.2.1
- completed:
    hackage: math-functions-0.3.4.2@sha256:5d942f0d6478c2a6b22049c033943538f8dd357c66ff874d328082136433cafb,4791
    pantry-tree:
      sha256: d966a0e79bb1d7acfc3f07d1a56a2f0b9c34330dc812edd3d47f9ab9f2f23429
      size: 3112
  original:
    hackage: math-functions-0.3.4.2
- completed:
    hackage: linear-1.22@sha256:9aafc489a682252de6c1baf00965fdb4b0f595a20d9bc76528d39ee1c28ebe40,4117
    pantry-tree:
      sha256: f0a385fa33f30a2e0fc832b1cf93a9ed294c46f98b6e7533ac8298d8a1a25f52
      size: 2042
  original:
    hackage: linear-1.22
- completed:
    hackage: text-zipper-0.12@sha256:e96110598fc25e57a99ffcd8e583351af8b325b813aa5e3bd0adc627e3e02b6b,1472
    pantry-tree:
      sha256: 51edf26c8f66b1356c820b183e6442f8245ec2aef450fde4cd56db566347daa0
      size: 604
  original:
    hackage: text-zipper-0.12
snapshots:
- completed:
    sha256: 32716534fff554b7f90762130fdb985cabf29f157758934dd1c8f3892a646430
    size: 586103
    url: https://raw.githubusercontent.com/commercialhaskell/stackage-snapshots/master/lts/18/19.yaml
  original: lts-18.19
